# This file is generated by running "yarn install" inside your project.
# Manual changes might be lost - proceed with caution!

__metadata:
  version: 4

"@packages/testa@1.0.0, @packages/testa@workspace:packages/testa":
  version: 0.0.0-use.local
  resolution: "@packages/testa@workspace:packages/testa"
  languageName: unknown
  linkType: soft

"@packages/testb@workspace:packages/testb":
  version: 0.0.0-use.local
  resolution: "@packages/testb@workspace:packages/testb"
  dependencies:
    "@packages/testa": 1.0.0
  languageName: unknown
  linkType: soft

"circulate.social@workspace:.":
  version: 0.0.0-use.local
  resolution: "circulate.social@workspace:."
  languageName: unknown
  linkType: soft
